
Microsoft Visual Studio Solution File, Format Version 12.00
# Visual Studio Version 17
VisualStudioVersion = 17.9.34728.123
MinimumVisualStudioVersion = 10.0.40219.1
Project("{9A19103F-16F7-4668-BE54-9A1E7A4F7556}") = "PyGame", "PyGame.csproj", "{9BE2D989-F877-49B2-B1AA-08FD766A54D5}"
EndProject
Global
	GlobalSection(SolutionConfigurationPlatforms) = preSolution
		Debug|Any CPU = Debug|Any CPU
		Release|Any CPU = Release|Any CPU
	EndGlobalSection
	GlobalSection(ProjectConfigurationPlatforms) = postSolution
		{9BE2D989-F877-49B2-B1AA-08FD766A54D5}.Debug|Any CPU.ActiveCfg = Debug|Any CPU
		{9BE2D989-F877-49B2-B1AA-08FD766A54D5}.Debug|Any CPU.Build.0 = Debug|Any CPU
		{9BE2D989-F877-49B2-B1AA-08FD766A54D5}.Release|Any CPU.ActiveCfg = Release|Any CPU
		{9BE2D989-F877-49B2-B1AA-08FD766A54D5}.Release|Any CPU.Build.0 = Release|Any CPU
	EndGlobalSection
	GlobalSection(SolutionProperties) = preSolution
		HideSolutionNode = FALSE
	EndGlobalSection
	GlobalSection(ExtensibilityGlobals) = postSolution
		SolutionGuid = {7D6C3482-87A9-46E1-ACF6-4DD24F7E96D9}
	EndGlobalSection
EndGlobal
